
Microsoft Visual Studio Solution File, Format Version 12.00
# Visual Studio Version 17
VisualStudioVersion = 17.10.35013.160
MinimumVisualStudioVersion = 10.0.40219.1
Project("{9A19103F-16F7-4668-BE54-9A1E7A4F7556}") = "FitRoutineApp.API", "FitRoutineApp.API\FitRoutineApp.API.csproj", "{4E50CE18-3282-4134-8A7F-08B03B004C98}"
EndProject
Project("{9A19103F-16F7-4668-BE54-9A1E7A4F7556}") = "FitRoutineApp.Web", "FitRoutineApp.Web\FitRoutineApp.Web.csproj", "{A4DDC48E-C124-4616-8DF1-5C2BB34F6CEF}"
EndProject
Global
	GlobalSection(SolutionConfigurationPlatforms) = preSolution
		Debug|Any CPU = Debug|Any CPU
		Release|Any CPU = Release|Any CPU
	EndGlobalSection
	GlobalSection(ProjectConfigurationPlatforms) = postSolution
		{4E50CE18-3282-4134-8A7F-08B03B004C98}.Debug|Any CPU.ActiveCfg = Debug|Any CPU
		{4E50CE18-3282-4134-8A7F-08B03B004C98}.Debug|Any CPU.Build.0 = Debug|Any CPU
		{4E50CE18-3282-4134-8A7F-08B03B004C98}.Release|Any CPU.ActiveCfg = Release|Any CPU
		{4E50CE18-3282-4134-8A7F-08B03B004C98}.Release|Any CPU.Build.0 = Release|Any CPU
		{A4DDC48E-C124-4616-8DF1-5C2BB34F6CEF}.Debug|Any CPU.ActiveCfg = Debug|Any CPU
		{A4DDC48E-C124-4616-8DF1-5C2BB34F6CEF}.Debug|Any CPU.Build.0 = Debug|Any CPU
		{A4DDC48E-C124-4616-8DF1-5C2BB34F6CEF}.Release|Any CPU.ActiveCfg = Release|Any CPU
		{A4DDC48E-C124-4616-8DF1-5C2BB34F6CEF}.Release|Any CPU.Build.0 = Release|Any CPU
	EndGlobalSection
	GlobalSection(SolutionProperties) = preSolution
		HideSolutionNode = FALSE
	EndGlobalSection
	GlobalSection(ExtensibilityGlobals) = postSolution
		SolutionGuid = {CDE15F98-858C-45C4-B039-2623CA5F8208}
	EndGlobalSection
EndGlobal
